// !$*UTF8*$!
{
	archiveVersion = 1;
	classes = {
	};
	objectVersion = 50;
	objects = {

/* Begin PBXBuildFile section */
		B5D0BAE326374A89001FFC7E /* AppDelegate.swift in Sources */ = {isa = PBXBuildFile; fileRef = B5D0BAE226374A89001FFC7E /* AppDelegate.swift */; };
		B5D0BAE526374A89001FFC7E /* SceneDelegate.swift in Sources */ = {isa = PBXBuildFile; fileRef = B5D0BAE426374A89001FFC7E /* SceneDelegate.swift */; };
		B5D0BAEA26374A89001FFC7E /* Main.storyboard in Resources */ = {isa = PBXBuildFile; fileRef = B5D0BAE826374A89001FFC7E /* Main.storyboard */; };
		B5D0BAEC26374A8B001FFC7E /* Assets.xcassets in Resources */ = {isa = PBXBuildFile; fileRef = B5D0BAEB26374A8B001FFC7E /* Assets.xcassets */; };
		B5D0BAEF26374A8B001FFC7E /* LaunchScreen.storyboard in Resources */ = {isa = PBXBuildFile; fileRef = B5D0BAED26374A8B001FFC7E /* LaunchScreen.storyboard */; };
		B5D0BAFC26374B23001FFC7E /* AnimalsCollectionController.swift in Sources */ = {isa = PBXBuildFile; fileRef = B5D0BAFB26374B23001FFC7E /* AnimalsCollectionController.swift */; };
		B5D0BAFF26374B31001FFC7E /* Animal.swift in Sources */ = {isa = PBXBuildFile; fileRef = B5D0BAFE26374B31001FFC7E /* Animal.swift */; };
		B5D0BB0226374B72001FFC7E /* AnimalCategory.swift in Sources */ = {isa = PBXBuildFile; fileRef = B5D0BB0126374B72001FFC7E /* AnimalCategory.swift */; };
		B5D0BB0526374BA4001FFC7E /* Datas.swift in Sources */ = {isa = PBXBuildFile; fileRef = B5D0BB0426374BA4001FFC7E /* Datas.swift */; };
		B5D0BB0826375BA2001FFC7E /* Extension.swift in Sources */ = {isa = PBXBuildFile; fileRef = B5D0BB0726375BA2001FFC7E /* Extension.swift */; };
		B5D0BB0B26376FDA001FFC7E /* AnimalCell.swift in Sources */ = {isa = PBXBuildFile; fileRef = B5D0BB0A26376FDA001FFC7E /* AnimalCell.swift */; };
		B5D0BB0E26377C71001FFC7E /* DetailAnimalController.swift in Sources */ = {isa = PBXBuildFile; fileRef = B5D0BB0D26377C71001FFC7E /* DetailAnimalController.swift */; };
/* End PBXBuildFile section */

/* Begin PBXFileReference section */
		B5D0BADF26374A89001FFC7E /* CollectionView.app */ = {isa = PBXFileReference; explicitFileType = wrapper.application; includeInIndex = 0; path = CollectionView.app; sourceTree = BUILT_PRODUCTS_DIR; };
		B5D0BAE226374A89001FFC7E /* AppDelegate.swift */ = {isa = PBXFileReference; lastKnownFileType = sourcecode.swift; path = AppDelegate.swift; sourceTree = "<group>"; };
		B5D0BAE426374A89001FFC7E /* SceneDelegate.swift */ = {isa = PBXFileReference; lastKnownFileType = sourcecode.swift; path = SceneDelegate.swift; sourceTree = "<group>"; };
		B5D0BAE926374A89001FFC7E /* Base */ = {isa = PBXFileReference; lastKnownFileType = file.storyboard; name = Base; path = Base.lproj/Main.storyboard; sourceTree = "<group>"; };
		B5D0BAEB26374A8B001FFC7E /* Assets.xcassets */ = {isa = PBXFileReference; lastKnownFileType = folder.assetcatalog; path = Assets.xcassets; sourceTree = "<group>"; };
		B5D0BAEE26374A8B001FFC7E /* Base */ = {isa = PBXFileReference; lastKnownFileType = file.storyboard; name = Base; path = Base.lproj/LaunchScreen.storyboard; sourceTree = "<group>"; };
		B5D0BAF026374A8B001FFC7E /* Info.plist */ = {isa = PBXFileReference; lastKnownFileType = text.plist.xml; path = Info.plist; sourceTree = "<group>"; };
		B5D0BAFB26374B23001FFC7E /* AnimalsCollectionController.swift */ = {isa = PBXFileReference; lastKnownFileType = sourcecode.swift; path = AnimalsCollectionController.swift; sourceTree = "<group>"; };
		B5D0BAFE26374B31001FFC7E /* Animal.swift */ = {isa = PBXFileReference; lastKnownFileType = sourcecode.swift; path = Animal.swift; sourceTree = "<group>"; };
		B5D0BB0126374B72001FFC7E /* AnimalCategory.swift */ = {isa = PBXFileReference; lastKnownFileType = sourcecode.swift; path = AnimalCategory.swift; sourceTree = "<group>"; };
		B5D0BB0426374BA4001FFC7E /* Datas.swift */ = {isa = PBXFileReference; lastKnownFileType = sourcecode.swift; path = Datas.swift; sourceTree = "<group>"; };
		B5D0BB0726375BA2001FFC7E /* Extension.swift */ = {isa = PBXFileReference; lastKnownFileType = sourcecode.swift; path = Extension.swift; sourceTree = "<group>"; };
		B5D0BB0A26376FDA001FFC7E /* AnimalCell.swift */ = {isa = PBXFileReference; lastKnownFileType = sourcecode.swift; path = AnimalCell.swift; sourceTree = "<group>"; };
		B5D0BB0D26377C71001FFC7E /* DetailAnimalController.swift */ = {isa = PBXFileReference; lastKnownFileType = sourcecode.swift; path = DetailAnimalController.swift; sourceTree = "<group>"; };
/* End PBXFileReference section */

/* Begin PBXFrameworksBuildPhase section */
		B5D0BADC26374A89001FFC7E /* Frameworks */ = {
			isa = PBXFrameworksBuildPhase;
			buildActionMask = 2147483647;
			files = (
			);
			runOnlyForDeploymentPostprocessing = 0;
		};
/* End PBXFrameworksBuildPhase section */

/* Begin PBXGroup section */
		B5D0BAD626374A89001FFC7E = {
			isa = PBXGroup;
			children = (
				B5D0BAE126374A89001FFC7E /* CollectionView */,
				B5D0BAE026374A89001FFC7E /* Products */,
			);
			sourceTree = "<group>";
		};
		B5D0BAE026374A89001FFC7E /* Products */ = {
			isa = PBXGroup;
			children = (
				B5D0BADF26374A89001FFC7E /* CollectionView.app */,
			);
			name = Products;
			sourceTree = "<group>";
		};
		B5D0BAE126374A89001FFC7E /* CollectionView */ = {
			isa = PBXGroup;
			children = (
				B5D0BAF926374AF0001FFC7E /* Model */,
				B5D0BAF826374AE8001FFC7E /* Views */,
				B5D0BAF726374AE2001FFC7E /* Controllers */,
				B5D0BAE226374A89001FFC7E /* AppDelegate.swift */,
				B5D0BAE426374A89001FFC7E /* SceneDelegate.swift */,
				B5D0BAE826374A89001FFC7E /* Main.storyboard */,
				B5D0BAEB26374A8B001FFC7E /* Assets.xcassets */,
				B5D0BAED26374A8B001FFC7E /* LaunchScreen.storyboard */,
				B5D0BAF026374A8B001FFC7E /* Info.plist */,
			);
			path = CollectionView;
			sourceTree = "<group>";
		};
		B5D0BAF726374AE2001FFC7E /* Controllers */ = {
			isa = PBXGroup;
			children = (
				B5D0BAFB26374B23001FFC7E /* AnimalsCollectionController.swift */,
				B5D0BB0726375BA2001FFC7E /* Extension.swift */,
				B5D0BB0D26377C71001FFC7E /* DetailAnimalController.swift */,
			);
			path = Controllers;
			sourceTree = "<group>";
		};
		B5D0BAF826374AE8001FFC7E /* Views */ = {
			isa = PBXGroup;
			children = (
				B5D0BB0A26376FDA001FFC7E /* AnimalCell.swift */,
			);
			path = Views;
			sourceTree = "<group>";
		};
		B5D0BAF926374AF0001FFC7E /* Model */ = {
			isa = PBXGroup;
			children = (
				B5D0BAFE26374B31001FFC7E /* Animal.swift */,
				B5D0BB0126374B72001FFC7E /* AnimalCategory.swift */,
				B5D0BB0426374BA4001FFC7E /* Datas.swift */,
			);
			path = Model;
			sourceTree = "<group>";
		};
/* End PBXGroup section */

/* Begin PBXNativeTarget section */
		B5D0BADE26374A89001FFC7E /* CollectionView */ = {
			isa = PBXNativeTarget;
			buildConfigurationList = B5D0BAF326374A8B001FFC7E /* Build configuration list for PBXNativeTarget "CollectionView" */;
			buildPhases = (
				B5D0BADB26374A89001FFC7E /* Sources */,
				B5D0BADC26374A89001FFC7E /* Frameworks */,
				B5D0BADD26374A89001FFC7E /* Resources */,
			);
			buildRules = (
			);
			dependencies = (
			);
			name = CollectionView;
			productName = CollectionView;
			productReference = B5D0BADF26374A89001FFC7E /* CollectionView.app */;
			productType = "com.apple.product-type.application";
		};
/* End PBXNativeTarget section */

/* Begin PBXProject section */
		B5D0BAD726374A89001FFC7E /* Project object */ = {
			isa = PBXProject;
			attributes = {
				LastSwiftUpdateCheck = 1240;
				LastUpgradeCheck = 1240;
				TargetAttributes = {
					B5D0BADE26374A89001FFC7E = {
						CreatedOnToolsVersion = 12.4;
					};
				};
			};
			buildConfigurationList = B5D0BADA26374A89001FFC7E /* Build configuration list for PBXProject "CollectionView" */;
			compatibilityVersion = "Xcode 9.3";
			developmentRegion = en;
			hasScannedForEncodings = 0;
			knownRegions = (
				en,
				Base,
			);
			mainGroup = B5D0BAD626374A89001FFC7E;
			productRefGroup = B5D0BAE026374A89001FFC7E /* Products */;
			projectDirPath = "";
			projectRoot = "";
			targets = (
				B5D0BADE26374A89001FFC7E /* CollectionView */,
			);
		};
/* End PBXProject section */

/* Begin PBXResourcesBuildPhase section */
		B5D0BADD26374A89001FFC7E /* Resources */ = {
			isa = PBXResourcesBuildPhase;
			buildActionMask = 2147483647;
			files = (
				B5D0BAEF26374A8B001FFC7E /* LaunchScreen.storyboard in Resources */,
				B5D0BAEC26374A8B001FFC7E /* Assets.xcassets in Resources */,
				B5D0BAEA26374A89001FFC7E /* Main.storyboard in Resources */,
			);
			runOnlyForDeploymentPostprocessing = 0;
		};
/* End PBXResourcesBuildPhase section */

/* Begin PBXSourcesBuildPhase section */
		B5D0BADB26374A89001FFC7E /* Sources */ = {
			isa = PBXSourcesBuildPhase;
			buildActionMask = 2147483647;
			files = (
				B5D0BAFC26374B23001FFC7E /* AnimalsCollectionController.swift in Sources */,
				B5D0BB0526374BA4001FFC7E /* Datas.swift in Sources */,
				B5D0BB0E26377C71001FFC7E /* DetailAnimalController.swift in Sources */,
				B5D0BB0826375BA2001FFC7E /* Extension.swift in Sources */,
				B5D0BAFF26374B31001FFC7E /* Animal.swift in Sources */,
				B5D0BAE326374A89001FFC7E /* AppDelegate.swift in Sources */,
				B5D0BB0B26376FDA001FFC7E /* AnimalCell.swift in Sources */,
				B5D0BB0226374B72001FFC7E /* AnimalCategory.swift in Sources */,
				B5D0BAE526374A89001FFC7E /* SceneDelegate.swift in Sources */,
			);
			runOnlyForDeploymentPostprocessing = 0;
		};
/* End PBXSourcesBuildPhase section */

/* Begin PBXVariantGroup section */
		B5D0BAE826374A89001FFC7E /* Main.storyboard */ = {
			isa = PBXVariantGroup;
			children = (
				B5D0BAE926374A89001FFC7E /* Base */,
			);
			name = Main.storyboard;
			sourceTree = "<group>";
		};
		B5D0BAED26374A8B001FFC7E /* LaunchScreen.storyboard */ = {
			isa = PBXVariantGroup;
			children = (
				B5D0BAEE26374A8B001FFC7E /* Base */,
			);
			name = LaunchScreen.storyboard;
			sourceTree = "<group>";
		};
/* End PBXVariantGroup section */

/* Begin XCBuildConfiguration section */
		B5D0BAF126374A8B001FFC7E /* Debug */ = {
			isa = XCBuildConfiguration;
			buildSettings = {
				ALWAYS_SEARCH_USER_PATHS = NO;
				CLANG_ANALYZER_NONNULL = YES;
				CLANG_ANALYZER_NUMBER_OBJECT_CONVERSION = YES_AGGRESSIVE;
				CLANG_CXX_LANGUAGE_STANDARD = "gnu++14";
				CLANG_CXX_LIBRARY = "libc++";
				CLANG_ENABLE_MODULES = YES;
				CLANG_ENABLE_OBJC_ARC = YES;
				CLANG_ENABLE_OBJC_WEAK = YES;
				CLANG_WARN_BLOCK_CAPTURE_AUTORELEASING = YES;
				CLANG_WARN_BOOL_CONVERSION = YES;
				CLANG_WARN_COMMA = YES;
				CLANG_WARN_CONSTANT_CONVERSION = YES;
				CLANG_WARN_DEPRECATED_OBJC_IMPLEMENTATIONS = YES;
				CLANG_WARN_DIRECT_OBJC_ISA_USAGE = YES_ERROR;
				CLANG_WARN_DOCUMENTATION_COMMENTS = YES;
				CLANG_WARN_EMPTY_BODY = YES;
				CLANG_WARN_ENUM_CONVERSION = YES;
				CLANG_WARN_INFINITE_RECURSION = YES;
				CLANG_WARN_INT_CONVERSION = YES;
				CLANG_WARN_NON_LITERAL_NULL_CONVERSION = YES;
				CLANG_WARN_OBJC_IMPLICIT_RETAIN_SELF = YES;
				CLANG_WARN_OBJC_LITERAL_CONVERSION = YES;
				CLANG_WARN_OBJC_ROOT_CLASS = YES_ERROR;
				CLANG_WARN_QUOTED_INCLUDE_IN_FRAMEWORK_HEADER = YES;
				CLANG_WARN_RANGE_LOOP_ANALYSIS = YES;
				CLANG_WARN_STRICT_PROTOTYPES = YES;
				CLANG_WARN_SUSPICIOUS_MOVE = YES;
				CLANG_WARN_UNGUARDED_AVAILABILITY = YES_AGGRESSIVE;
				CLANG_WARN_UNREACHABLE_CODE = YES;
				CLANG_WARN__DUPLICATE_METHOD_MATCH = YES;
				COPY_PHASE_STRIP = NO;
				DEBUG_INFORMATION_FORMAT = dwarf;
				ENABLE_STRICT_OBJC_MSGSEND = YES;
				ENABLE_TESTABILITY = YES;
				GCC_C_LANGUAGE_STANDARD = gnu11;
				GCC_DYNAMIC_NO_PIC = NO;
				GCC_NO_COMMON_BLOCKS = YES;
				GCC_OPTIMIZATION_LEVEL = 0;
				GCC_PREPROCESSOR_DEFINITIONS = (
					"DEBUG=1",
					"$(inherited)",
				);
				GCC_WARN_64_TO_32_BIT_CONVERSION = YES;
				GCC_WARN_ABOUT_RETURN_TYPE = YES_ERROR;
				GCC_WARN_UNDECLARED_SELECTOR = YES;
				GCC_WARN_UNINITIALIZED_AUTOS = YES_AGGRESSIVE;
				GCC_WARN_UNUSED_FUNCTION = YES;
				GCC_WARN_UNUSED_VARIABLE = YES;
				IPHONEOS_DEPLOYMENT_TARGET = 14.4;
				MTL_ENABLE_DEBUG_INFO = INCLUDE_SOURCE;
				MTL_FAST_MATH = YES;
				ONLY_ACTIVE_ARCH = YES;
				SDKROOT = iphoneos;
				SWIFT_ACTIVE_COMPILATION_CONDITIONS = DEBUG;
				SWIFT_OPTIMIZATION_LEVEL = "-Onone";
			};
			name = Debug;
		};
		B5D0BAF226374A8B001FFC7E /* Release */ = {
			isa = XCBuildConfiguration;
			buildSettings = {
				ALWAYS_SEARCH_USER_PATHS = NO;
				CLANG_ANALYZER_NONNULL = YES;
				CLANG_ANALYZER_NUMBER_OBJECT_CONVERSION = YES_AGGRESSIVE;
				CLANG_CXX_LANGUAGE_STANDARD = "gnu++14";
				CLANG_CXX_LIBRARY = "libc++";
				CLANG_ENABLE_MODULES = YES;
				CLANG_ENABLE_OBJC_ARC = YES;
				CLANG_ENABLE_OBJC_WEAK = YES;
				CLANG_WARN_BLOCK_CAPTURE_AUTORELEASING = YES;
				CLANG_WARN_BOOL_CONVERSION = YES;
				CLANG_WARN_COMMA = YES;
				CLANG_WARN_CONSTANT_CONVERSION = YES;
				CLANG_WARN_DEPRECATED_OBJC_IMPLEMENTATIONS = YES;
				CLANG_WARN_DIRECT_OBJC_ISA_USAGE = YES_ERROR;
				CLANG_WARN_DOCUMENTATION_COMMENTS = YES;
				CLANG_WARN_EMPTY_BODY = YES;
				CLANG_WARN_ENUM_CONVERSION = YES;
				CLANG_WARN_INFINITE_RECURSION = YES;
				CLANG_WARN_INT_CONVERSION = YES;
				CLANG_WARN_NON_LITERAL_NULL_CONVERSION = YES;
				CLANG_WARN_OBJC_IMPLICIT_RETAIN_SELF = YES;
				CLANG_WARN_OBJC_LITERAL_CONVERSION = YES;
				CLANG_WARN_OBJC_ROOT_CLASS = YES_ERROR;
				CLANG_WARN_QUOTED_INCLUDE_IN_FRAMEWORK_HEADER = YES;
				CLANG_WARN_RANGE_LOOP_ANALYSIS = YES;
				CLANG_WARN_STRICT_PROTOTYPES = YES;
				CLANG_WARN_SUSPICIOUS_MOVE = YES;
				CLANG_WARN_UNGUARDED_AVAILABILITY = YES_AGGRESSIVE;
				CLANG_WARN_UNREACHABLE_CODE = YES;
				CLANG_WARN__DUPLICATE_METHOD_MATCH = YES;
				COPY_PHASE_STRIP = NO;
				DEBUG_INFORMATION_FORMAT = "dwarf-with-dsym";
				ENABLE_NS_ASSERTIONS = NO;
				ENABLE_STRICT_OBJC_MSGSEND = YES;
				GCC_C_LANGUAGE_STANDARD = gnu11;
				GCC_NO_COMMON_BLOCKS = YES;
				GCC_WARN_64_TO_32_BIT_CONVERSION = YES;
				GCC_WARN_ABOUT_RETURN_TYPE = YES_ERROR;
				GCC_WARN_UNDECLARED_SELECTOR = YES;
				GCC_WARN_UNINITIALIZED_AUTOS = YES_AGGRESSIVE;
				GCC_WARN_UNUSED_FUNCTION = YES;
				GCC_WARN_UNUSED_VARIABLE = YES;
				IPHONEOS_DEPLOYMENT_TARGET = 14.4;
				MTL_ENABLE_DEBUG_INFO = NO;
				MTL_FAST_MATH = YES;
				SDKROOT = iphoneos;
				SWIFT_COMPILATION_MODE = wholemodule;
				SWIFT_OPTIMIZATION_LEVEL = "-O";
				VALIDATE_PRODUCT = YES;
			};
			name = Release;
		};
		B5D0BAF426374A8B001FFC7E /* Debug */ = {
			isa = XCBuildConfiguration;
			buildSettings = {
				ASSETCATALOG_COMPILER_APPICON_NAME = AppIcon;
				ASSETCATALOG_COMPILER_GLOBAL_ACCENT_COLOR_NAME = AccentColor;
				CODE_SIGN_STYLE = Automatic;
				DEVELOPMENT_TEAM = S99RNL5GKY;
				INFOPLIST_FILE = CollectionView/Info.plist;
				LD_RUNPATH_SEARCH_PATHS = (
					"$(inherited)",
					"@executable_path/Frameworks",
				);
				PRODUCT_BUNDLE_IDENTIFIER = com.sowmoussa.CollectionView;
				PRODUCT_NAME = "$(TARGET_NAME)";
				SWIFT_VERSION = 5.0;
				TARGETED_DEVICE_FAMILY = "1,2";
			};
			name = Debug;
		};
		B5D0BAF526374A8B001FFC7E /* Release */ = {
			isa = XCBuildConfiguration;
			buildSettings = {
				ASSETCATALOG_COMPILER_APPICON_NAME = AppIcon;
				ASSETCATALOG_COMPILER_GLOBAL_ACCENT_COLOR_NAME = AccentColor;
				CODE_SIGN_STYLE = Automatic;
				DEVELOPMENT_TEAM = S99RNL5GKY;
				INFOPLIST_FILE = CollectionView/Info.plist;
				LD_RUNPATH_SEARCH_PATHS = (
					"$(inherited)",
					"@executable_path/Frameworks",
				);
				PRODUCT_BUNDLE_IDENTIFIER = com.sowmoussa.CollectionView;
				PRODUCT_NAME = "$(TARGET_NAME)";
				SWIFT_VERSION = 5.0;
				TARGETED_DEVICE_FAMILY = "1,2";
			};
			name = Release;
		};
/* End XCBuildConfiguration section */

/* Begin XCConfigurationList section */
		B5D0BADA26374A89001FFC7E /* Build configuration list for PBXProject "CollectionView" */ = {
			isa = XCConfigurationList;
			buildConfigurations = (
				B5D0BAF126374A8B001FFC7E /* Debug */,
				B5D0BAF226374A8B001FFC7E /* Release */,
			);
			defaultConfigurationIsVisible = 0;
			defaultConfigurationName = Release;
		};
		B5D0BAF326374A8B001FFC7E /* Build configuration list for PBXNativeTarget "CollectionView" */ = {
			isa = XCConfigurationList;
			buildConfigurations = (
				B5D0BAF426374A8B001FFC7E /* Debug */,
				B5D0BAF526374A8B001FFC7E /* Release */,
			);
			defaultConfigurationIsVisible = 0;
			defaultConfigurationName = Release;
		};
/* End XCConfigurationList section */
	};
	rootObject = B5D0BAD726374A89001FFC7E /* Project object */;
}
